
Microsoft Visual Studio Solution File, Format Version 12.00
# Visual Studio 14
VisualStudioVersion = 14.0.25420.1
MinimumVisualStudioVersion = 10.0.40219.1
Project("{FAE04EC0-301F-11D3-BF4B-00C04F79EFBC}") = "Lab10_MovieLists", "Lab10_MovieLists\Lab10_MovieLists.csproj", "{4D5E96DD-50D9-4038-81F8-31045E672FC1}"
EndProject
Project("{FAE04EC0-301F-11D3-BF4B-00C04F79EFBC}") = "MovieListConsoleApp", "MovieListConsoleApp\MovieListConsoleApp.csproj", "{6892D6E5-B33A-4D24-85C1-8C88054B383B}"
EndProject
Global
	GlobalSection(SolutionConfigurationPlatforms) = preSolution
		Debug|Any CPU = Debug|Any CPU
		Release|Any CPU = Release|Any CPU
	EndGlobalSection
	GlobalSection(ProjectConfigurationPlatforms) = postSolution
		{4D5E96DD-50D9-4038-81F8-31045E672FC1}.Debug|Any CPU.ActiveCfg = Debug|Any CPU
		{4D5E96DD-50D9-4038-81F8-31045E672FC1}.Debug|Any CPU.Build.0 = Debug|Any CPU
		{4D5E96DD-50D9-4038-81F8-31045E672FC1}.Release|Any CPU.ActiveCfg = Release|Any CPU
		{4D5E96DD-50D9-4038-81F8-31045E672FC1}.Release|Any CPU.Build.0 = Release|Any CPU
		{6892D6E5-B33A-4D24-85C1-8C88054B383B}.Debug|Any CPU.ActiveCfg = Debug|Any CPU
		{6892D6E5-B33A-4D24-85C1-8C88054B383B}.Debug|Any CPU.Build.0 = Debug|Any CPU
		{6892D6E5-B33A-4D24-85C1-8C88054B383B}.Release|Any CPU.ActiveCfg = Release|Any CPU
		{6892D6E5-B33A-4D24-85C1-8C88054B383B}.Release|Any CPU.Build.0 = Release|Any CPU
	EndGlobalSection
	GlobalSection(SolutionProperties) = preSolution
		HideSolutionNode = FALSE
	EndGlobalSection
EndGlobal
